
Microsoft Visual Studio Solution File, Format Version 12.00
# Visual Studio Version 17
VisualStudioVersion = 17.3.32901.215
MinimumVisualStudioVersion = 10.0.40219.1
Project("{FAE04EC0-301F-11D3-BF4B-00C04F79EFBC}") = "exercicioPooMaiorIdade", "exercicioPooMaiorIdade\exercicioPooMaiorIdade.csproj", "{7CA4735F-F794-4A08-9856-182052742ADD}"
EndProject
Global
	GlobalSection(SolutionConfigurationPlatforms) = preSolution
		Debug|Any CPU = Debug|Any CPU
		Release|Any CPU = Release|Any CPU
	EndGlobalSection
	GlobalSection(ProjectConfigurationPlatforms) = postSolution
		{7CA4735F-F794-4A08-9856-182052742ADD}.Debug|Any CPU.ActiveCfg = Debug|Any CPU
		{7CA4735F-F794-4A08-9856-182052742ADD}.Debug|Any CPU.Build.0 = Debug|Any CPU
		{7CA4735F-F794-4A08-9856-182052742ADD}.Release|Any CPU.ActiveCfg = Release|Any CPU
		{7CA4735F-F794-4A08-9856-182052742ADD}.Release|Any CPU.Build.0 = Release|Any CPU
	EndGlobalSection
	GlobalSection(SolutionProperties) = preSolution
		HideSolutionNode = FALSE
	EndGlobalSection
	GlobalSection(ExtensibilityGlobals) = postSolution
		SolutionGuid = {6FD1B5C5-50CA-4D9F-90E2-19D73574CF1B}
	EndGlobalSection
EndGlobal
