
Microsoft Visual Studio Solution File, Format Version 12.00
# Visual Studio Version 17
VisualStudioVersion = 17.3.32901.215
MinimumVisualStudioVersion = 10.0.40219.1
Project("{FAE04EC0-301F-11D3-BF4B-00C04F79EFBC}") = "ClassesEstaticas", "ClassesEstaticas\ClassesEstaticas.csproj", "{F229839A-E2D4-4CCD-AFF3-E31FA3EAC9CB}"
EndProject
Global
	GlobalSection(SolutionConfigurationPlatforms) = preSolution
		Debug|Any CPU = Debug|Any CPU
		Release|Any CPU = Release|Any CPU
	EndGlobalSection
	GlobalSection(ProjectConfigurationPlatforms) = postSolution
		{F229839A-E2D4-4CCD-AFF3-E31FA3EAC9CB}.Debug|Any CPU.ActiveCfg = Debug|Any CPU
		{F229839A-E2D4-4CCD-AFF3-E31FA3EAC9CB}.Debug|Any CPU.Build.0 = Debug|Any CPU
		{F229839A-E2D4-4CCD-AFF3-E31FA3EAC9CB}.Release|Any CPU.ActiveCfg = Release|Any CPU
		{F229839A-E2D4-4CCD-AFF3-E31FA3EAC9CB}.Release|Any CPU.Build.0 = Release|Any CPU
	EndGlobalSection
	GlobalSection(SolutionProperties) = preSolution
		HideSolutionNode = FALSE
	EndGlobalSection
	GlobalSection(ExtensibilityGlobals) = postSolution
		SolutionGuid = {6C875DC6-A7CD-4028-9E76-A1BBB52D7B84}
	EndGlobalSection
EndGlobal
