
Microsoft Visual Studio Solution File, Format Version 12.00
# Visual Studio Version 17
VisualStudioVersion = 17.3.32901.215
MinimumVisualStudioVersion = 10.0.40219.1
Project("{FAE04EC0-301F-11D3-BF4B-00C04F79EFBC}") = "tratamentoExecoes", "tratamentoExecoes\tratamentoExecoes.csproj", "{3B2458B8-47C7-40A1-AA47-A5D416ABAE0D}"
EndProject
Global
	GlobalSection(SolutionConfigurationPlatforms) = preSolution
		Debug|Any CPU = Debug|Any CPU
		Release|Any CPU = Release|Any CPU
	EndGlobalSection
	GlobalSection(ProjectConfigurationPlatforms) = postSolution
		{3B2458B8-47C7-40A1-AA47-A5D416ABAE0D}.Debug|Any CPU.ActiveCfg = Debug|Any CPU
		{3B2458B8-47C7-40A1-AA47-A5D416ABAE0D}.Debug|Any CPU.Build.0 = Debug|Any CPU
		{3B2458B8-47C7-40A1-AA47-A5D416ABAE0D}.Release|Any CPU.ActiveCfg = Release|Any CPU
		{3B2458B8-47C7-40A1-AA47-A5D416ABAE0D}.Release|Any CPU.Build.0 = Release|Any CPU
	EndGlobalSection
	GlobalSection(SolutionProperties) = preSolution
		HideSolutionNode = FALSE
	EndGlobalSection
	GlobalSection(ExtensibilityGlobals) = postSolution
		SolutionGuid = {FBDDE0B8-DBF5-42CA-8470-2DCDF435DCD7}
	EndGlobalSection
EndGlobal
