
Microsoft Visual Studio Solution File, Format Version 12.00
# Visual Studio Version 17
VisualStudioVersion = 17.3.32901.215
MinimumVisualStudioVersion = 10.0.40219.1
Project("{FAE04EC0-301F-11D3-BF4B-00C04F79EFBC}") = "exercicioPooPokedex", "exercicioPooPokedex\exercicioPooPokedex.csproj", "{51C2AAD8-058A-4499-8A07-1F7CED262B76}"
EndProject
Global
	GlobalSection(SolutionConfigurationPlatforms) = preSolution
		Debug|Any CPU = Debug|Any CPU
		Release|Any CPU = Release|Any CPU
	EndGlobalSection
	GlobalSection(ProjectConfigurationPlatforms) = postSolution
		{51C2AAD8-058A-4499-8A07-1F7CED262B76}.Debug|Any CPU.ActiveCfg = Debug|Any CPU
		{51C2AAD8-058A-4499-8A07-1F7CED262B76}.Debug|Any CPU.Build.0 = Debug|Any CPU
		{51C2AAD8-058A-4499-8A07-1F7CED262B76}.Release|Any CPU.ActiveCfg = Release|Any CPU
		{51C2AAD8-058A-4499-8A07-1F7CED262B76}.Release|Any CPU.Build.0 = Release|Any CPU
	EndGlobalSection
	GlobalSection(SolutionProperties) = preSolution
		HideSolutionNode = FALSE
	EndGlobalSection
	GlobalSection(ExtensibilityGlobals) = postSolution
		SolutionGuid = {0B7FD031-CA24-4011-A6C5-CB5F61D80274}
	EndGlobalSection
EndGlobal
