
Microsoft Visual Studio Solution File, Format Version 12.00
# Visual Studio Version 17
VisualStudioVersion = 17.3.32901.215
MinimumVisualStudioVersion = 10.0.40219.1
Project("{FAE04EC0-301F-11D3-BF4B-00C04F79EFBC}") = "TransferirArquivoCliente", "TransferirArquivoCliente\TransferirArquivoCliente.csproj", "{C72CE287-F1D0-4058-ACF3-D2272DDCA3D5}"
EndProject
Global
	GlobalSection(SolutionConfigurationPlatforms) = preSolution
		Debug|Any CPU = Debug|Any CPU
		Release|Any CPU = Release|Any CPU
	EndGlobalSection
	GlobalSection(ProjectConfigurationPlatforms) = postSolution
		{C72CE287-F1D0-4058-ACF3-D2272DDCA3D5}.Debug|Any CPU.ActiveCfg = Debug|Any CPU
		{C72CE287-F1D0-4058-ACF3-D2272DDCA3D5}.Debug|Any CPU.Build.0 = Debug|Any CPU
		{C72CE287-F1D0-4058-ACF3-D2272DDCA3D5}.Release|Any CPU.ActiveCfg = Release|Any CPU
		{C72CE287-F1D0-4058-ACF3-D2272DDCA3D5}.Release|Any CPU.Build.0 = Release|Any CPU
	EndGlobalSection
	GlobalSection(SolutionProperties) = preSolution
		HideSolutionNode = FALSE
	EndGlobalSection
	GlobalSection(ExtensibilityGlobals) = postSolution
		SolutionGuid = {21A5A514-F6A6-46F9-BB58-6571B40CB7F6}
	EndGlobalSection
EndGlobal
